
Microsoft Visual Studio Solution File, Format Version 11.00
# Visual Studio 2010
Project("{FAE04EC0-301F-11D3-BF4B-00C04F79EFBC}") = "InventoryCC.AWS.S3.Native.WinUI", "InventoryCC.AWS.S3.Native.WinUI\InventoryCC.AWS.S3.Native.WinUI.csproj", "{F643BC52-E7FB-414B-92E1-EA22CF975C09}"
EndProject
Project("{FAE04EC0-301F-11D3-BF4B-00C04F79EFBC}") = "InventoryCC.AWS.S3.NetSdk.WinUI", "InventoryCC.AWS.S3.NetSdk.WinUI\InventoryCC.AWS.S3.NetSdk.WinUI.csproj", "{61C5ABF8-6028-4D6B-BEDF-1197B19734D5}"
EndProject
Global
	GlobalSection(SolutionConfigurationPlatforms) = preSolution
		Debug|Any CPU = Debug|Any CPU
		Debug|Mixed Platforms = Debug|Mixed Platforms
		Debug|x86 = Debug|x86
		Release|Any CPU = Release|Any CPU
		Release|Mixed Platforms = Release|Mixed Platforms
		Release|x86 = Release|x86
	EndGlobalSection
	GlobalSection(ProjectConfigurationPlatforms) = postSolution
		{F643BC52-E7FB-414B-92E1-EA22CF975C09}.Debug|Any CPU.ActiveCfg = Debug|x86
		{F643BC52-E7FB-414B-92E1-EA22CF975C09}.Debug|Mixed Platforms.ActiveCfg = Debug|x86
		{F643BC52-E7FB-414B-92E1-EA22CF975C09}.Debug|Mixed Platforms.Build.0 = Debug|x86
		{F643BC52-E7FB-414B-92E1-EA22CF975C09}.Debug|x86.ActiveCfg = Debug|x86
		{F643BC52-E7FB-414B-92E1-EA22CF975C09}.Debug|x86.Build.0 = Debug|x86
		{F643BC52-E7FB-414B-92E1-EA22CF975C09}.Release|Any CPU.ActiveCfg = Release|x86
		{F643BC52-E7FB-414B-92E1-EA22CF975C09}.Release|Mixed Platforms.ActiveCfg = Release|x86
		{F643BC52-E7FB-414B-92E1-EA22CF975C09}.Release|Mixed Platforms.Build.0 = Release|x86
		{F643BC52-E7FB-414B-92E1-EA22CF975C09}.Release|x86.ActiveCfg = Release|x86
		{F643BC52-E7FB-414B-92E1-EA22CF975C09}.Release|x86.Build.0 = Release|x86
		{61C5ABF8-6028-4D6B-BEDF-1197B19734D5}.Debug|Any CPU.ActiveCfg = Debug|Any CPU
		{61C5ABF8-6028-4D6B-BEDF-1197B19734D5}.Debug|Any CPU.Build.0 = Debug|Any CPU
		{61C5ABF8-6028-4D6B-BEDF-1197B19734D5}.Debug|Mixed Platforms.ActiveCfg = Debug|Any CPU
		{61C5ABF8-6028-4D6B-BEDF-1197B19734D5}.Debug|Mixed Platforms.Build.0 = Debug|Any CPU
		{61C5ABF8-6028-4D6B-BEDF-1197B19734D5}.Debug|x86.ActiveCfg = Debug|Any CPU
		{61C5ABF8-6028-4D6B-BEDF-1197B19734D5}.Release|Any CPU.ActiveCfg = Release|Any CPU
		{61C5ABF8-6028-4D6B-BEDF-1197B19734D5}.Release|Any CPU.Build.0 = Release|Any CPU
		{61C5ABF8-6028-4D6B-BEDF-1197B19734D5}.Release|Mixed Platforms.ActiveCfg = Release|Any CPU
		{61C5ABF8-6028-4D6B-BEDF-1197B19734D5}.Release|Mixed Platforms.Build.0 = Release|Any CPU
		{61C5ABF8-6028-4D6B-BEDF-1197B19734D5}.Release|x86.ActiveCfg = Release|Any CPU
	EndGlobalSection
	GlobalSection(SolutionProperties) = preSolution
		HideSolutionNode = FALSE
	EndGlobalSection
EndGlobal
